// !$*UTF8*$!
{
	archiveVersion = 1;
	classes = {
	};
	objectVersion = 50;
	objects = {

/* Begin PBXBuildFile section */
		3C514D3C22E25B4F00282883 /* AppDelegate.swift in Sources */ = {isa = PBXBuildFile; fileRef = 3C514D3B22E25B4F00282883 /* AppDelegate.swift */; };
		3C514D3E22E25B4F00282883 /* ViewController.swift in Sources */ = {isa = PBXBuildFile; fileRef = 3C514D3D22E25B4F00282883 /* ViewController.swift */; };
		3C514D4122E25B4F00282883 /* Main.storyboard in Resources */ = {isa = PBXBuildFile; fileRef = 3C514D3F22E25B4F00282883 /* Main.storyboard */; };
		3C514D4322E25B5000282883 /* Assets.xcassets in Resources */ = {isa = PBXBuildFile; fileRef = 3C514D4222E25B5000282883 /* Assets.xcassets */; };
		3C514D4622E25B5000282883 /* LaunchScreen.storyboard in Resources */ = {isa = PBXBuildFile; fileRef = 3C514D4422E25B5000282883 /* LaunchScreen.storyboard */; };
		3C514D4F22E2605B00282883 /* WebViewController.swift in Sources */ = {isa = PBXBuildFile; fileRef = 3C514D4E22E2605B00282883 /* WebViewController.swift */; };
/* End PBXBuildFile section */

/* Begin PBXFileReference section */
		3C514D3822E25B4F00282883 /* SSO-WebView-1.app */ = {isa = PBXFileReference; explicitFileType = wrapper.application; includeInIndex = 0; path = "SSO-WebView-1.app"; sourceTree = BUILT_PRODUCTS_DIR; };
		3C514D3B22E25B4F00282883 /* AppDelegate.swift */ = {isa = PBXFileReference; lastKnownFileType = sourcecode.swift; path = AppDelegate.swift; sourceTree = "<group>"; };
		3C514D3D22E25B4F00282883 /* ViewController.swift */ = {isa = PBXFileReference; lastKnownFileType = sourcecode.swift; path = ViewController.swift; sourceTree = "<group>"; };
		3C514D4022E25B4F00282883 /* Base */ = {isa = PBXFileReference; lastKnownFileType = file.storyboard; name = Base; path = Base.lproj/Main.storyboard; sourceTree = "<group>"; };
		3C514D4222E25B5000282883 /* Assets.xcassets */ = {isa = PBXFileReference; lastKnownFileType = folder.assetcatalog; path = Assets.xcassets; sourceTree = "<group>"; };
		3C514D4522E25B5000282883 /* Base */ = {isa = PBXFileReference; lastKnownFileType = file.storyboard; name = Base; path = Base.lproj/LaunchScreen.storyboard; sourceTree = "<group>"; };
		3C514D4722E25B5000282883 /* Info.plist */ = {isa = PBXFileReference; lastKnownFileType = text.plist.xml; path = Info.plist; sourceTree = "<group>"; };
		3C514D4D22E25BA900282883 /* SSO-WebView-1.entitlements */ = {isa = PBXFileReference; lastKnownFileType = text.plist.entitlements; path = "SSO-WebView-1.entitlements"; sourceTree = "<group>"; };
		3C514D4E22E2605B00282883 /* WebViewController.swift */ = {isa = PBXFileReference; lastKnownFileType = sourcecode.swift; path = WebViewController.swift; sourceTree = "<group>"; };
/* End PBXFileReference section */

/* Begin PBXFrameworksBuildPhase section */
		3C514D3522E25B4F00282883 /* Frameworks */ = {
			isa = PBXFrameworksBuildPhase;
			buildActionMask = 2147483647;
			files = (
			);
			runOnlyForDeploymentPostprocessing = 0;
		};
/* End PBXFrameworksBuildPhase section */

/* Begin PBXGroup section */
		3C514D2F22E25B4F00282883 = {
			isa = PBXGroup;
			children = (
				3C514D3A22E25B4F00282883 /* SSO-WebView-1 */,
				3C514D3922E25B4F00282883 /* Products */,
			);
			sourceTree = "<group>";
		};
		3C514D3922E25B4F00282883 /* Products */ = {
			isa = PBXGroup;
			children = (
				3C514D3822E25B4F00282883 /* SSO-WebView-1.app */,
			);
			name = Products;
			sourceTree = "<group>";
		};
		3C514D3A22E25B4F00282883 /* SSO-WebView-1 */ = {
			isa = PBXGroup;
			children = (
				3C514D4D22E25BA900282883 /* SSO-WebView-1.entitlements */,
				3C514D3B22E25B4F00282883 /* AppDelegate.swift */,
				3C514D3D22E25B4F00282883 /* ViewController.swift */,
				3C514D3F22E25B4F00282883 /* Main.storyboard */,
				3C514D4222E25B5000282883 /* Assets.xcassets */,
				3C514D4422E25B5000282883 /* LaunchScreen.storyboard */,
				3C514D4722E25B5000282883 /* Info.plist */,
				3C514D4E22E2605B00282883 /* WebViewController.swift */,
			);
			path = "SSO-WebView-1";
			sourceTree = "<group>";
		};
/* End PBXGroup section */

/* Begin PBXNativeTarget section */
		3C514D3722E25B4F00282883 /* SSO-WebView-1 */ = {
			isa = PBXNativeTarget;
			buildConfigurationList = 3C514D4A22E25B5000282883 /* Build configuration list for PBXNativeTarget "SSO-WebView-1" */;
			buildPhases = (
				3C514D3422E25B4F00282883 /* Sources */,
				3C514D3522E25B4F00282883 /* Frameworks */,
				3C514D3622E25B4F00282883 /* Resources */,
			);
			buildRules = (
			);
			dependencies = (
			);
			name = "SSO-WebView-1";
			productName = "SSO-WebView-1";
			productReference = 3C514D3822E25B4F00282883 /* SSO-WebView-1.app */;
			productType = "com.apple.product-type.application";
		};
/* End PBXNativeTarget section */

/* Begin PBXProject section */
		3C514D3022E25B4F00282883 /* Project object */ = {
			isa = PBXProject;
			attributes = {
				LastSwiftUpdateCheck = 1020;
				LastUpgradeCheck = 1020;
				ORGANIZATIONNAME = Forgerock;
				TargetAttributes = {
					3C514D3722E25B4F00282883 = {
						CreatedOnToolsVersion = 10.2.1;
						SystemCapabilities = {
							com.apple.ApplicationGroups.iOS = {
								enabled = 1;
							};
						};
					};
				};
			};
			buildConfigurationList = 3C514D3322E25B4F00282883 /* Build configuration list for PBXProject "SSO-WebView-1" */;
			compatibilityVersion = "Xcode 9.3";
			developmentRegion = en;
			hasScannedForEncodings = 0;
			knownRegions = (
				en,
				Base,
			);
			mainGroup = 3C514D2F22E25B4F00282883;
			productRefGroup = 3C514D3922E25B4F00282883 /* Products */;
			projectDirPath = "";
			projectRoot = "";
			targets = (
				3C514D3722E25B4F00282883 /* SSO-WebView-1 */,
			);
		};
/* End PBXProject section */

/* Begin PBXResourcesBuildPhase section */
		3C514D3622E25B4F00282883 /* Resources */ = {
			isa = PBXResourcesBuildPhase;
			buildActionMask = 2147483647;
			files = (
				3C514D4622E25B5000282883 /* LaunchScreen.storyboard in Resources */,
				3C514D4322E25B5000282883 /* Assets.xcassets in Resources */,
				3C514D4122E25B4F00282883 /* Main.storyboard in Resources */,
			);
			runOnlyForDeploymentPostprocessing = 0;
		};
/* End PBXResourcesBuildPhase section */

/* Begin PBXSourcesBuildPhase section */
		3C514D3422E25B4F00282883 /* Sources */ = {
			isa = PBXSourcesBuildPhase;
			buildActionMask = 2147483647;
			files = (
				3C514D3E22E25B4F00282883 /* ViewController.swift in Sources */,
				3C514D4F22E2605B00282883 /* WebViewController.swift in Sources */,
				3C514D3C22E25B4F00282883 /* AppDelegate.swift in Sources */,
			);
			runOnlyForDeploymentPostprocessing = 0;
		};
/* End PBXSourcesBuildPhase section */

/* Begin PBXVariantGroup section */
		3C514D3F22E25B4F00282883 /* Main.storyboard */ = {
			isa = PBXVariantGroup;
			children = (
				3C514D4022E25B4F00282883 /* Base */,
			);
			name = Main.storyboard;
			sourceTree = "<group>";
		};
		3C514D4422E25B5000282883 /* LaunchScreen.storyboard */ = {
			isa = PBXVariantGroup;
			children = (
				3C514D4522E25B5000282883 /* Base */,
			);
			name = LaunchScreen.storyboard;
			sourceTree = "<group>";
		};
/* End PBXVariantGroup section */

/* Begin XCBuildConfiguration section */
		3C514D4822E25B5000282883 /* Debug */ = {
			isa = XCBuildConfiguration;
			buildSettings = {
				ALWAYS_SEARCH_USER_PATHS = NO;
				CLANG_ANALYZER_NONNULL = YES;
				CLANG_ANALYZER_NUMBER_OBJECT_CONVERSION = YES_AGGRESSIVE;
				CLANG_CXX_LANGUAGE_STANDARD = "gnu++14";
				CLANG_CXX_LIBRARY = "libc++";
				CLANG_ENABLE_MODULES = YES;
				CLANG_ENABLE_OBJC_ARC = YES;
				CLANG_ENABLE_OBJC_WEAK = YES;
				CLANG_WARN_BLOCK_CAPTURE_AUTORELEASING = YES;
				CLANG_WARN_BOOL_CONVERSION = YES;
				CLANG_WARN_COMMA = YES;
				CLANG_WARN_CONSTANT_CONVERSION = YES;
				CLANG_WARN_DEPRECATED_OBJC_IMPLEMENTATIONS = YES;
				CLANG_WARN_DIRECT_OBJC_ISA_USAGE = YES_ERROR;
				CLANG_WARN_DOCUMENTATION_COMMENTS = YES;
				CLANG_WARN_EMPTY_BODY = YES;
				CLANG_WARN_ENUM_CONVERSION = YES;
				CLANG_WARN_INFINITE_RECURSION = YES;
				CLANG_WARN_INT_CONVERSION = YES;
				CLANG_WARN_NON_LITERAL_NULL_CONVERSION = YES;
				CLANG_WARN_OBJC_IMPLICIT_RETAIN_SELF = YES;
				CLANG_WARN_OBJC_LITERAL_CONVERSION = YES;
				CLANG_WARN_OBJC_ROOT_CLASS = YES_ERROR;
				CLANG_WARN_RANGE_LOOP_ANALYSIS = YES;
				CLANG_WARN_STRICT_PROTOTYPES = YES;
				CLANG_WARN_SUSPICIOUS_MOVE = YES;
				CLANG_WARN_UNGUARDED_AVAILABILITY = YES_AGGRESSIVE;
				CLANG_WARN_UNREACHABLE_CODE = YES;
				CLANG_WARN__DUPLICATE_METHOD_MATCH = YES;
				CODE_SIGN_IDENTITY = "iPhone Developer";
				COPY_PHASE_STRIP = NO;
				DEBUG_INFORMATION_FORMAT = dwarf;
				ENABLE_STRICT_OBJC_MSGSEND = YES;
				ENABLE_TESTABILITY = YES;
				GCC_C_LANGUAGE_STANDARD = gnu11;
				GCC_DYNAMIC_NO_PIC = NO;
				GCC_NO_COMMON_BLOCKS = YES;
				GCC_OPTIMIZATION_LEVEL = 0;
				GCC_PREPROCESSOR_DEFINITIONS = (
					"DEBUG=1",
					"$(inherited)",
				);
				GCC_WARN_64_TO_32_BIT_CONVERSION = YES;
				GCC_WARN_ABOUT_RETURN_TYPE = YES_ERROR;
				GCC_WARN_UNDECLARED_SELECTOR = YES;
				GCC_WARN_UNINITIALIZED_AUTOS = YES_AGGRESSIVE;
				GCC_WARN_UNUSED_FUNCTION = YES;
				GCC_WARN_UNUSED_VARIABLE = YES;
				IPHONEOS_DEPLOYMENT_TARGET = 12.4;
				MTL_ENABLE_DEBUG_INFO = INCLUDE_SOURCE;
				MTL_FAST_MATH = YES;
				ONLY_ACTIVE_ARCH = YES;
				SDKROOT = iphoneos;
				SWIFT_ACTIVE_COMPILATION_CONDITIONS = DEBUG;
				SWIFT_OPTIMIZATION_LEVEL = "-Onone";
			};
			name = Debug;
		};
		3C514D4922E25B5000282883 /* Release */ = {
			isa = XCBuildConfiguration;
			buildSettings = {
				ALWAYS_SEARCH_USER_PATHS = NO;
				CLANG_ANALYZER_NONNULL = YES;
				CLANG_ANALYZER_NUMBER_OBJECT_CONVERSION = YES_AGGRESSIVE;
				CLANG_CXX_LANGUAGE_STANDARD = "gnu++14";
				CLANG_CXX_LIBRARY = "libc++";
				CLANG_ENABLE_MODULES = YES;
				CLANG_ENABLE_OBJC_ARC = YES;
				CLANG_ENABLE_OBJC_WEAK = YES;
				CLANG_WARN_BLOCK_CAPTURE_AUTORELEASING = YES;
				CLANG_WARN_BOOL_CONVERSION = YES;
				CLANG_WARN_COMMA = YES;
				CLANG_WARN_CONSTANT_CONVERSION = YES;
				CLANG_WARN_DEPRECATED_OBJC_IMPLEMENTATIONS = YES;
				CLANG_WARN_DIRECT_OBJC_ISA_USAGE = YES_ERROR;
				CLANG_WARN_DOCUMENTATION_COMMENTS = YES;
				CLANG_WARN_EMPTY_BODY = YES;
				CLANG_WARN_ENUM_CONVERSION = YES;
				CLANG_WARN_INFINITE_RECURSION = YES;
				CLANG_WARN_INT_CONVERSION = YES;
				CLANG_WARN_NON_LITERAL_NULL_CONVERSION = YES;
				CLANG_WARN_OBJC_IMPLICIT_RETAIN_SELF = YES;
				CLANG_WARN_OBJC_LITERAL_CONVERSION = YES;
				CLANG_WARN_OBJC_ROOT_CLASS = YES_ERROR;
				CLANG_WARN_RANGE_LOOP_ANALYSIS = YES;
				CLANG_WARN_STRICT_PROTOTYPES = YES;
				CLANG_WARN_SUSPICIOUS_MOVE = YES;
				CLANG_WARN_UNGUARDED_AVAILABILITY = YES_AGGRESSIVE;
				CLANG_WARN_UNREACHABLE_CODE = YES;
				CLANG_WARN__DUPLICATE_METHOD_MATCH = YES;
				CODE_SIGN_IDENTITY = "iPhone Developer";
				COPY_PHASE_STRIP = NO;
				DEBUG_INFORMATION_FORMAT = "dwarf-with-dsym";
				ENABLE_NS_ASSERTIONS = NO;
				ENABLE_STRICT_OBJC_MSGSEND = YES;
				GCC_C_LANGUAGE_STANDARD = gnu11;
				GCC_NO_COMMON_BLOCKS = YES;
				GCC_WARN_64_TO_32_BIT_CONVERSION = YES;
				GCC_WARN_ABOUT_RETURN_TYPE = YES_ERROR;
				GCC_WARN_UNDECLARED_SELECTOR = YES;
				GCC_WARN_UNINITIALIZED_AUTOS = YES_AGGRESSIVE;
				GCC_WARN_UNUSED_FUNCTION = YES;
				GCC_WARN_UNUSED_VARIABLE = YES;
				IPHONEOS_DEPLOYMENT_TARGET = 12.4;
				MTL_ENABLE_DEBUG_INFO = NO;
				MTL_FAST_MATH = YES;
				SDKROOT = iphoneos;
				SWIFT_COMPILATION_MODE = wholemodule;
				SWIFT_OPTIMIZATION_LEVEL = "-O";
				VALIDATE_PRODUCT = YES;
			};
			name = Release;
		};
		3C514D4B22E25B5000282883 /* Debug */ = {
			isa = XCBuildConfiguration;
			buildSettings = {
				ASSETCATALOG_COMPILER_APPICON_NAME = AppIcon;
				CODE_SIGN_ENTITLEMENTS = "SSO-WebView-1/SSO-WebView-1.entitlements";
				CODE_SIGN_STYLE = Automatic;
				DEVELOPMENT_TEAM = JV6EC9KSN3;
				INFOPLIST_FILE = "SSO-WebView-1/Info.plist";
				LD_RUNPATH_SEARCH_PATHS = (
					"$(inherited)",
					"@executable_path/Frameworks",
				);
				PRODUCT_BUNDLE_IDENTIFIER = "com.forgerock.SSO-Webview-1";
				PRODUCT_NAME = "$(TARGET_NAME)";
				SWIFT_VERSION = 5.0;
				TARGETED_DEVICE_FAMILY = "1,2";
			};
			name = Debug;
		};
		3C514D4C22E25B5000282883 /* Release */ = {
			isa = XCBuildConfiguration;
			buildSettings = {
				ASSETCATALOG_COMPILER_APPICON_NAME = AppIcon;
				CODE_SIGN_ENTITLEMENTS = "SSO-WebView-1/SSO-WebView-1.entitlements";
				CODE_SIGN_STYLE = Automatic;
				DEVELOPMENT_TEAM = JV6EC9KSN3;
				INFOPLIST_FILE = "SSO-WebView-1/Info.plist";
				LD_RUNPATH_SEARCH_PATHS = (
					"$(inherited)",
					"@executable_path/Frameworks",
				);
				PRODUCT_BUNDLE_IDENTIFIER = "com.forgerock.SSO-Webview-1";
				PRODUCT_NAME = "$(TARGET_NAME)";
				SWIFT_VERSION = 5.0;
				TARGETED_DEVICE_FAMILY = "1,2";
			};
			name = Release;
		};
/* End XCBuildConfiguration section */

/* Begin XCConfigurationList section */
		3C514D3322E25B4F00282883 /* Build configuration list for PBXProject "SSO-WebView-1" */ = {
			isa = XCConfigurationList;
			buildConfigurations = (
				3C514D4822E25B5000282883 /* Debug */,
				3C514D4922E25B5000282883 /* Release */,
			);
			defaultConfigurationIsVisible = 0;
			defaultConfigurationName = Release;
		};
		3C514D4A22E25B5000282883 /* Build configuration list for PBXNativeTarget "SSO-WebView-1" */ = {
			isa = XCConfigurationList;
			buildConfigurations = (
				3C514D4B22E25B5000282883 /* Debug */,
				3C514D4C22E25B5000282883 /* Release */,
			);
			defaultConfigurationIsVisible = 0;
			defaultConfigurationName = Release;
		};
/* End XCConfigurationList section */
	};
	rootObject = 3C514D3022E25B4F00282883 /* Project object */;
}
